<?xml version="1.0" encoding="utf-8"?>
<Project ToolsVersion="4.0" xmlns="http://schemas.microsoft.com/developer/msbuild/2003">
  <ItemGroup>
    <ClCompile Include="..\Common\ExplorerContextMenu.cpp">
      <Filter>Common</Filter>
    </ClCompile>
    <ClCompile Include="ExplorerContextMenu.Console.cpp" />
    <ClCompile Include="..\Common\ExplorerContextMenuEntry.cpp">
      <Filter>Common</Filter>
    </ClCompile>
  </ItemGroup>
  <ItemGroup>
    <Filter Include="Common">
      <UniqueIdentifier>{f99f848f-9691-42e7-b3e0-4fb4ff969fa4}</UniqueIdentifier>
    </Filter>
  </ItemGroup>
  <ItemGroup>
    <ClInclude Include="..\Common\ExplorerContextMenu.h">
      <Filter>Common</Filter>
    </ClInclude>
    <ClInclude Include="..\Common\ExplorerContextMenuEntry.h">
      <Filter>Common</Filter>
    </ClInclude>
  </ItemGroup>
</Project>