<?xml version="1.0" encoding="utf-8"?>
<Project ToolsVersion="4.0" xmlns="http://schemas.microsoft.com/developer/msbuild/2003">
  <ItemGroup>
    <ClCompile Include="dllmain.cpp" />
    <ClCompile Include="ExplorerContextMenu.Java.cpp" />
    <ClCompile Include="JavaExplorerContextMenuEntry.cpp">
      <Filter>Wrapper</Filter>
    </ClCompile>
    <ClCompile Include="..\Common\ExplorerContextMenu.cpp">
      <Filter>Common</Filter>
    </ClCompile>
    <ClCompile Include="..\Common\ExplorerContextMenuEntry.cpp">
      <Filter>Common</Filter>
    </ClCompile>
  </ItemGroup>
  <ItemGroup>
    <ClInclude Include="JavaExplorerContextMenuEntry.h">
      <Filter>Wrapper</Filter>
    </ClInclude>
    <ClInclude Include="..\Common\ExplorerContextMenu.h">
      <Filter>Common</Filter>
    </ClInclude>
    <ClInclude Include="..\Common\ExplorerContextMenuEntry.h">
      <Filter>Common</Filter>
    </ClInclude>
  </ItemGroup>
  <ItemGroup>
    <Filter Include="Common">
      <UniqueIdentifier>{eee7d387-fade-457d-b657-0ad901c25ec4}</UniqueIdentifier>
    </Filter>
    <Filter Include="Wrapper">
      <UniqueIdentifier>{22ec41b1-c44c-4d1a-8114-2c48b92407bb}</UniqueIdentifier>
    </Filter>
  </ItemGroup>
  <ItemGroup>
    <ResourceCompile Include="..\Common\ExplorerContextMenu.rc">
      <Filter>Common</Filter>
    </ResourceCompile>
  </ItemGroup>
</Project>